// !$*UTF8*$!
{
	archiveVersion = 1;
	classes = {
	};
	objectVersion = 50;
	objects = {

/* Begin PBXBuildFile section */
		8761BA8D251F650F00C4CEC0 /* LRUCache.cpp in Sources */ = {isa = PBXBuildFile; fileRef = 8761BA8C251F650F00C4CEC0 /* LRUCache.cpp */; };
		879D1AB6251CD27F00AD9B57 /* Variable Sized Arrays.cpp in Sources */ = {isa = PBXBuildFile; fileRef = 879D1AB5251CD27F00AD9B57 /* Variable Sized Arrays.cpp */; };
		879D1AB9251E081500AD9B57 /* OverloadOperator.cpp in Sources */ = {isa = PBXBuildFile; fileRef = 879D1AB8251E081500AD9B57 /* OverloadOperator.cpp */; };
		879D1ABD251E2F7600AD9B57 /* UserDefinedExceptions.cpp in Sources */ = {isa = PBXBuildFile; fileRef = 879D1ABB251E2F7600AD9B57 /* UserDefinedExceptions.cpp */; };
		879D1AC0251E56AE00AD9B57 /* Std&no_Std_Exceptions.cpp in Sources */ = {isa = PBXBuildFile; fileRef = 879D1ABF251E56AE00AD9B57 /* Std&no_Std_Exceptions.cpp */; };
		879D1AC4251E6B3400AD9B57 /* Virtualfunctions&StaticVar.cpp in Sources */ = {isa = PBXBuildFile; fileRef = 879D1AC3251E6B3400AD9B57 /* Virtualfunctions&StaticVar.cpp */; };
		87CCF3302522540600EB0DBE /* OutputFormat.cpp in Sources */ = {isa = PBXBuildFile; fileRef = 87CCF32F2522540600EB0DBE /* OutputFormat.cpp */; };
		87CCF33525233DC200EB0DBE /* dequeSTL.cpp in Sources */ = {isa = PBXBuildFile; fileRef = 87CCF33425233DC200EB0DBE /* dequeSTL.cpp */; };
		87CCF33A2523BB5400EB0DBE /* templateSpecialization.cpp in Sources */ = {isa = PBXBuildFile; fileRef = 87CCF3382523BB5400EB0DBE /* templateSpecialization.cpp */; };
/* End PBXBuildFile section */

/* Begin PBXCopyFilesBuildPhase section */
		879D1A9F251CC36F00AD9B57 /* CopyFiles */ = {
			isa = PBXCopyFilesBuildPhase;
			buildActionMask = 2147483647;
			dstPath = /usr/share/man/man1/;
			dstSubfolderSpec = 0;
			files = (
			);
			runOnlyForDeploymentPostprocessing = 1;
		};
/* End PBXCopyFilesBuildPhase section */

/* Begin PBXFileReference section */
		8761BA8C251F650F00C4CEC0 /* LRUCache.cpp */ = {isa = PBXFileReference; lastKnownFileType = sourcecode.cpp.cpp; path = LRUCache.cpp; sourceTree = "<group>"; };
		879D1AA1251CC36F00AD9B57 /* HackerRank */ = {isa = PBXFileReference; explicitFileType = "compiled.mach-o.executable"; includeInIndex = 0; path = HackerRank; sourceTree = BUILT_PRODUCTS_DIR; };
		879D1AB5251CD27F00AD9B57 /* Variable Sized Arrays.cpp */ = {isa = PBXFileReference; lastKnownFileType = sourcecode.cpp.cpp; path = "Variable Sized Arrays.cpp"; sourceTree = "<group>"; };
		879D1AB8251E081500AD9B57 /* OverloadOperator.cpp */ = {isa = PBXFileReference; lastKnownFileType = sourcecode.cpp.cpp; path = OverloadOperator.cpp; sourceTree = "<group>"; };
		879D1ABB251E2F7600AD9B57 /* UserDefinedExceptions.cpp */ = {isa = PBXFileReference; lastKnownFileType = sourcecode.cpp.cpp; path = UserDefinedExceptions.cpp; sourceTree = "<group>"; };
		879D1ABF251E56AE00AD9B57 /* Std&no_Std_Exceptions.cpp */ = {isa = PBXFileReference; lastKnownFileType = sourcecode.cpp.cpp; path = "Std&no_Std_Exceptions.cpp"; sourceTree = "<group>"; };
		879D1AC3251E6B3400AD9B57 /* Virtualfunctions&StaticVar.cpp */ = {isa = PBXFileReference; lastKnownFileType = sourcecode.cpp.cpp; path = "Virtualfunctions&StaticVar.cpp"; sourceTree = "<group>"; };
		87CCF32F2522540600EB0DBE /* OutputFormat.cpp */ = {isa = PBXFileReference; lastKnownFileType = sourcecode.cpp.cpp; path = OutputFormat.cpp; sourceTree = "<group>"; };
		87CCF3332522551200EB0DBE /* OutputFormat.txt */ = {isa = PBXFileReference; lastKnownFileType = text; path = OutputFormat.txt; sourceTree = "<group>"; };
		87CCF33425233DC200EB0DBE /* dequeSTL.cpp */ = {isa = PBXFileReference; lastKnownFileType = sourcecode.cpp.cpp; path = dequeSTL.cpp; sourceTree = "<group>"; };
		87CCF3382523BB5400EB0DBE /* templateSpecialization.cpp */ = {isa = PBXFileReference; lastKnownFileType = sourcecode.cpp.cpp; path = templateSpecialization.cpp; sourceTree = "<group>"; };
/* End PBXFileReference section */

/* Begin PBXFrameworksBuildPhase section */
		879D1A9E251CC36F00AD9B57 /* Frameworks */ = {
			isa = PBXFrameworksBuildPhase;
			buildActionMask = 2147483647;
			files = (
			);
			runOnlyForDeploymentPostprocessing = 0;
		};
/* End PBXFrameworksBuildPhase section */

/* Begin PBXGroup section */
		879D1A98251CC36F00AD9B57 = {
			isa = PBXGroup;
			children = (
				879D1AA3251CC36F00AD9B57 /* HackerRank */,
				879D1AA2251CC36F00AD9B57 /* Products */,
			);
			sourceTree = "<group>";
		};
		879D1AA2251CC36F00AD9B57 /* Products */ = {
			isa = PBXGroup;
			children = (
				879D1AA1251CC36F00AD9B57 /* HackerRank */,
			);
			name = Products;
			sourceTree = "<group>";
		};
		879D1AA3251CC36F00AD9B57 /* HackerRank */ = {
			isa = PBXGroup;
			children = (
				879D1AC3251E6B3400AD9B57 /* Virtualfunctions&StaticVar.cpp */,
				879D1ABF251E56AE00AD9B57 /* Std&no_Std_Exceptions.cpp */,
				879D1ABB251E2F7600AD9B57 /* UserDefinedExceptions.cpp */,
				879D1AB5251CD27F00AD9B57 /* Variable Sized Arrays.cpp */,
				879D1AB8251E081500AD9B57 /* OverloadOperator.cpp */,
				8761BA8C251F650F00C4CEC0 /* LRUCache.cpp */,
				87CCF32F2522540600EB0DBE /* OutputFormat.cpp */,
				87CCF3332522551200EB0DBE /* OutputFormat.txt */,
				87CCF33425233DC200EB0DBE /* dequeSTL.cpp */,
				87CCF3382523BB5400EB0DBE /* templateSpecialization.cpp */,
			);
			path = HackerRank;
			sourceTree = "<group>";
		};
/* End PBXGroup section */

/* Begin PBXNativeTarget section */
		879D1AA0251CC36F00AD9B57 /* HackerRank */ = {
			isa = PBXNativeTarget;
			buildConfigurationList = 879D1AA8251CC36F00AD9B57 /* Build configuration list for PBXNativeTarget "HackerRank" */;
			buildPhases = (
				879D1A9D251CC36F00AD9B57 /* Sources */,
				879D1A9E251CC36F00AD9B57 /* Frameworks */,
				879D1A9F251CC36F00AD9B57 /* CopyFiles */,
			);
			buildRules = (
			);
			dependencies = (
			);
			name = HackerRank;
			productName = HackerRank;
			productReference = 879D1AA1251CC36F00AD9B57 /* HackerRank */;
			productType = "com.apple.product-type.tool";
		};
/* End PBXNativeTarget section */

/* Begin PBXProject section */
		879D1A99251CC36F00AD9B57 /* Project object */ = {
			isa = PBXProject;
			attributes = {
				LastUpgradeCheck = 1200;
				TargetAttributes = {
					879D1AA0251CC36F00AD9B57 = {
						CreatedOnToolsVersion = 12.0;
					};
				};
			};
			buildConfigurationList = 879D1A9C251CC36F00AD9B57 /* Build configuration list for PBXProject "HackerRank" */;
			compatibilityVersion = "Xcode 9.3";
			developmentRegion = en;
			hasScannedForEncodings = 0;
			knownRegions = (
				en,
				Base,
			);
			mainGroup = 879D1A98251CC36F00AD9B57;
			productRefGroup = 879D1AA2251CC36F00AD9B57 /* Products */;
			projectDirPath = "";
			projectRoot = "";
			targets = (
				879D1AA0251CC36F00AD9B57 /* HackerRank */,
			);
		};
/* End PBXProject section */

/* Begin PBXSourcesBuildPhase section */
		879D1A9D251CC36F00AD9B57 /* Sources */ = {
			isa = PBXSourcesBuildPhase;
			buildActionMask = 2147483647;
			files = (
				87CCF3302522540600EB0DBE /* OutputFormat.cpp in Sources */,
				879D1AC0251E56AE00AD9B57 /* Std&no_Std_Exceptions.cpp in Sources */,
				879D1AB6251CD27F00AD9B57 /* Variable Sized Arrays.cpp in Sources */,
				879D1ABD251E2F7600AD9B57 /* UserDefinedExceptions.cpp in Sources */,
				87CCF33525233DC200EB0DBE /* dequeSTL.cpp in Sources */,
				879D1AC4251E6B3400AD9B57 /* Virtualfunctions&StaticVar.cpp in Sources */,
				87CCF33A2523BB5400EB0DBE /* templateSpecialization.cpp in Sources */,
				879D1AB9251E081500AD9B57 /* OverloadOperator.cpp in Sources */,
				8761BA8D251F650F00C4CEC0 /* LRUCache.cpp in Sources */,
			);
			runOnlyForDeploymentPostprocessing = 0;
		};
/* End PBXSourcesBuildPhase section */

/* Begin XCBuildConfiguration section */
		879D1AA6251CC36F00AD9B57 /* Debug */ = {
			isa = XCBuildConfiguration;
			buildSettings = {
				ALWAYS_SEARCH_USER_PATHS = NO;
				CLANG_ANALYZER_NONNULL = YES;
				CLANG_ANALYZER_NUMBER_OBJECT_CONVERSION = YES_AGGRESSIVE;
				CLANG_CXX_LANGUAGE_STANDARD = "gnu++14";
				CLANG_CXX_LIBRARY = "libc++";
				CLANG_ENABLE_MODULES = YES;
				CLANG_ENABLE_OBJC_ARC = YES;
				CLANG_ENABLE_OBJC_WEAK = YES;
				CLANG_WARN_BLOCK_CAPTURE_AUTORELEASING = YES;
				CLANG_WARN_BOOL_CONVERSION = YES;
				CLANG_WARN_COMMA = YES;
				CLANG_WARN_CONSTANT_CONVERSION = YES;
				CLANG_WARN_DEPRECATED_OBJC_IMPLEMENTATIONS = YES;
				CLANG_WARN_DIRECT_OBJC_ISA_USAGE = YES_ERROR;
				CLANG_WARN_DOCUMENTATION_COMMENTS = YES;
				CLANG_WARN_EMPTY_BODY = YES;
				CLANG_WARN_ENUM_CONVERSION = YES;
				CLANG_WARN_INFINITE_RECURSION = YES;
				CLANG_WARN_INT_CONVERSION = YES;
				CLANG_WARN_NON_LITERAL_NULL_CONVERSION = YES;
				CLANG_WARN_OBJC_IMPLICIT_RETAIN_SELF = YES;
				CLANG_WARN_OBJC_LITERAL_CONVERSION = YES;
				CLANG_WARN_OBJC_ROOT_CLASS = YES_ERROR;
				CLANG_WARN_QUOTED_INCLUDE_IN_FRAMEWORK_HEADER = YES;
				CLANG_WARN_RANGE_LOOP_ANALYSIS = YES;
				CLANG_WARN_STRICT_PROTOTYPES = YES;
				CLANG_WARN_SUSPICIOUS_MOVE = YES;
				CLANG_WARN_UNGUARDED_AVAILABILITY = YES_AGGRESSIVE;
				CLANG_WARN_UNREACHABLE_CODE = YES;
				CLANG_WARN__DUPLICATE_METHOD_MATCH = YES;
				COPY_PHASE_STRIP = NO;
				DEBUG_INFORMATION_FORMAT = dwarf;
				ENABLE_STRICT_OBJC_MSGSEND = YES;
				ENABLE_TESTABILITY = YES;
				GCC_C_LANGUAGE_STANDARD = gnu11;
				GCC_DYNAMIC_NO_PIC = NO;
				GCC_NO_COMMON_BLOCKS = YES;
				GCC_OPTIMIZATION_LEVEL = 0;
				GCC_PREPROCESSOR_DEFINITIONS = (
					"DEBUG=1",
					"$(inherited)",
				);
				GCC_WARN_64_TO_32_BIT_CONVERSION = YES;
				GCC_WARN_ABOUT_RETURN_TYPE = YES_ERROR;
				GCC_WARN_UNDECLARED_SELECTOR = YES;
				GCC_WARN_UNINITIALIZED_AUTOS = YES_AGGRESSIVE;
				GCC_WARN_UNUSED_FUNCTION = YES;
				GCC_WARN_UNUSED_VARIABLE = YES;
				MACOSX_DEPLOYMENT_TARGET = 10.15;
				MTL_ENABLE_DEBUG_INFO = INCLUDE_SOURCE;
				MTL_FAST_MATH = YES;
				ONLY_ACTIVE_ARCH = YES;
				SDKROOT = macosx;
			};
			name = Debug;
		};
		879D1AA7251CC36F00AD9B57 /* Release */ = {
			isa = XCBuildConfiguration;
			buildSettings = {
				ALWAYS_SEARCH_USER_PATHS = NO;
				CLANG_ANALYZER_NONNULL = YES;
				CLANG_ANALYZER_NUMBER_OBJECT_CONVERSION = YES_AGGRESSIVE;
				CLANG_CXX_LANGUAGE_STANDARD = "gnu++14";
				CLANG_CXX_LIBRARY = "libc++";
				CLANG_ENABLE_MODULES = YES;
				CLANG_ENABLE_OBJC_ARC = YES;
				CLANG_ENABLE_OBJC_WEAK = YES;
				CLANG_WARN_BLOCK_CAPTURE_AUTORELEASING = YES;
				CLANG_WARN_BOOL_CONVERSION = YES;
				CLANG_WARN_COMMA = YES;
				CLANG_WARN_CONSTANT_CONVERSION = YES;
				CLANG_WARN_DEPRECATED_OBJC_IMPLEMENTATIONS = YES;
				CLANG_WARN_DIRECT_OBJC_ISA_USAGE = YES_ERROR;
				CLANG_WARN_DOCUMENTATION_COMMENTS = YES;
				CLANG_WARN_EMPTY_BODY = YES;
				CLANG_WARN_ENUM_CONVERSION = YES;
				CLANG_WARN_INFINITE_RECURSION = YES;
				CLANG_WARN_INT_CONVERSION = YES;
				CLANG_WARN_NON_LITERAL_NULL_CONVERSION = YES;
				CLANG_WARN_OBJC_IMPLICIT_RETAIN_SELF = YES;
				CLANG_WARN_OBJC_LITERAL_CONVERSION = YES;
				CLANG_WARN_OBJC_ROOT_CLASS = YES_ERROR;
				CLANG_WARN_QUOTED_INCLUDE_IN_FRAMEWORK_HEADER = YES;
				CLANG_WARN_RANGE_LOOP_ANALYSIS = YES;
				CLANG_WARN_STRICT_PROTOTYPES = YES;
				CLANG_WARN_SUSPICIOUS_MOVE = YES;
				CLANG_WARN_UNGUARDED_AVAILABILITY = YES_AGGRESSIVE;
				CLANG_WARN_UNREACHABLE_CODE = YES;
				CLANG_WARN__DUPLICATE_METHOD_MATCH = YES;
				COPY_PHASE_STRIP = NO;
				DEBUG_INFORMATION_FORMAT = "dwarf-with-dsym";
				ENABLE_NS_ASSERTIONS = NO;
				ENABLE_STRICT_OBJC_MSGSEND = YES;
				GCC_C_LANGUAGE_STANDARD = gnu11;
				GCC_NO_COMMON_BLOCKS = YES;
				GCC_WARN_64_TO_32_BIT_CONVERSION = YES;
				GCC_WARN_ABOUT_RETURN_TYPE = YES_ERROR;
				GCC_WARN_UNDECLARED_SELECTOR = YES;
				GCC_WARN_UNINITIALIZED_AUTOS = YES_AGGRESSIVE;
				GCC_WARN_UNUSED_FUNCTION = YES;
				GCC_WARN_UNUSED_VARIABLE = YES;
				MACOSX_DEPLOYMENT_TARGET = 10.15;
				MTL_ENABLE_DEBUG_INFO = NO;
				MTL_FAST_MATH = YES;
				SDKROOT = macosx;
			};
			name = Release;
		};
		879D1AA9251CC36F00AD9B57 /* Debug */ = {
			isa = XCBuildConfiguration;
			buildSettings = {
				CODE_SIGN_STYLE = Automatic;
				PRODUCT_NAME = "$(TARGET_NAME)";
			};
			name = Debug;
		};
		879D1AAA251CC36F00AD9B57 /* Release */ = {
			isa = XCBuildConfiguration;
			buildSettings = {
				CODE_SIGN_STYLE = Automatic;
				PRODUCT_NAME = "$(TARGET_NAME)";
			};
			name = Release;
		};
/* End XCBuildConfiguration section */

/* Begin XCConfigurationList section */
		879D1A9C251CC36F00AD9B57 /* Build configuration list for PBXProject "HackerRank" */ = {
			isa = XCConfigurationList;
			buildConfigurations = (
				879D1AA6251CC36F00AD9B57 /* Debug */,
				879D1AA7251CC36F00AD9B57 /* Release */,
			);
			defaultConfigurationIsVisible = 0;
			defaultConfigurationName = Release;
		};
		879D1AA8251CC36F00AD9B57 /* Build configuration list for PBXNativeTarget "HackerRank" */ = {
			isa = XCConfigurationList;
			buildConfigurations = (
				879D1AA9251CC36F00AD9B57 /* Debug */,
				879D1AAA251CC36F00AD9B57 /* Release */,
			);
			defaultConfigurationIsVisible = 0;
			defaultConfigurationName = Release;
		};
/* End XCConfigurationList section */
	};
	rootObject = 879D1A99251CC36F00AD9B57 /* Project object */;
}
